
Microsoft Visual Studio Solution File, Format Version 12.00
# Visual Studio 14
VisualStudioVersion = 14.0.25420.1
MinimumVisualStudioVersion = 10.0.40219.1
Project("{FAE04EC0-301F-11D3-BF4B-00C04F79EFBC}") = "EventList", "EventList\EventList.csproj", "{3E2B9B46-7C28-4259-BF56-A9650B81B30E}"
EndProject
Project("{FAE04EC0-301F-11D3-BF4B-00C04F79EFBC}") = "EventExtras", "EventExtras\EventExtras.csproj", "{9FA02A15-8429-4420-A937-34B5F2668680}"
EndProject
Project("{FAE04EC0-301F-11D3-BF4B-00C04F79EFBC}") = "EventDB", "EventDB\EventDB.csproj", "{DAAC5A97-5D77-4C4B-9395-C175B08BA5D6}"
EndProject
Global
	GlobalSection(SolutionConfigurationPlatforms) = preSolution
		Debug|Any CPU = Debug|Any CPU
		Release|Any CPU = Release|Any CPU
	EndGlobalSection
	GlobalSection(ProjectConfigurationPlatforms) = postSolution
		{3E2B9B46-7C28-4259-BF56-A9650B81B30E}.Debug|Any CPU.ActiveCfg = Debug|Any CPU
		{3E2B9B46-7C28-4259-BF56-A9650B81B30E}.Debug|Any CPU.Build.0 = Debug|Any CPU
		{3E2B9B46-7C28-4259-BF56-A9650B81B30E}.Debug|Any CPU.Deploy.0 = Debug|Any CPU
		{3E2B9B46-7C28-4259-BF56-A9650B81B30E}.Release|Any CPU.ActiveCfg = Release|Any CPU
		{3E2B9B46-7C28-4259-BF56-A9650B81B30E}.Release|Any CPU.Build.0 = Release|Any CPU
		{3E2B9B46-7C28-4259-BF56-A9650B81B30E}.Release|Any CPU.Deploy.0 = Release|Any CPU
		{9FA02A15-8429-4420-A937-34B5F2668680}.Debug|Any CPU.ActiveCfg = Debug|Any CPU
		{9FA02A15-8429-4420-A937-34B5F2668680}.Debug|Any CPU.Build.0 = Debug|Any CPU
		{9FA02A15-8429-4420-A937-34B5F2668680}.Release|Any CPU.ActiveCfg = Release|Any CPU
		{9FA02A15-8429-4420-A937-34B5F2668680}.Release|Any CPU.Build.0 = Release|Any CPU
		{DAAC5A97-5D77-4C4B-9395-C175B08BA5D6}.Debug|Any CPU.ActiveCfg = Debug|Any CPU
		{DAAC5A97-5D77-4C4B-9395-C175B08BA5D6}.Debug|Any CPU.Build.0 = Debug|Any CPU
		{DAAC5A97-5D77-4C4B-9395-C175B08BA5D6}.Release|Any CPU.ActiveCfg = Release|Any CPU
		{DAAC5A97-5D77-4C4B-9395-C175B08BA5D6}.Release|Any CPU.Build.0 = Release|Any CPU
	EndGlobalSection
	GlobalSection(SolutionProperties) = preSolution
		HideSolutionNode = FALSE
	EndGlobalSection
EndGlobal
